lockfileVersion: '9.0'

settings:
  autoInstallPeers: true
  excludeLinksFromLockfile: false

importers:

  .:
    dependencies:
      '@storagehub-sdk/core':
        specifier: ^0.1.0
        version: 0.1.0(typescript@5.9.3)
      '@storagehub-sdk/msp-client':
        specifier: ^0.1.0
        version: 0.1.0(@storagehub-sdk/core@0.1.0(typescript@5.9.3))
      ethers:
        specifier: ^6.15.0
        version: 6.15.0
    devDependencies:
      '@polkadot/types':
        specifier: ^16.4.8
        version: 16.4.8
      '@types/node':
        specifier: ^24.6.2
        version: 24.6.2
      tsx:
        specifier: ^4.20.6
        version: 4.20.6
      typescript:
        specifier: ^5.9.3
        version: 5.9.3

packages:

  '@adraffy/ens-normalize@1.10.1':
    resolution: {integrity: sha512-96Z2IP3mYmF1Xg2cDm8f1gWGf/HUVedQ3FMifV4kG/PQ4yEP51xDtRAEfhVNt5f/uzpNkZHwWQuUcu6D6K+Ekw==}

  '@adraffy/ens-normalize@1.11.1':
    resolution: {integrity: sha512-nhCBV3quEgesuf7c7KYfperqSS14T8bYuvJ8PcLJp6znkZpFc0AuW4qBtr8eKVyPPe/8RSr7sglCWPU5eaxwKQ==}

  '@esbuild/aix-ppc64@0.25.10':
    resolution: {integrity: sha512-0NFWnA+7l41irNuaSVlLfgNT12caWJVLzp5eAVhZ0z1qpxbockccEt3s+149rE64VUI3Ml2zt8Nv5JVc4QXTsw==}
    engines: {node: '>=18'}
    cpu: [ppc64]
    os: [aix]

  '@esbuild/android-arm64@0.25.10':
    resolution: {integrity: sha512-LSQa7eDahypv/VO6WKohZGPSJDq5OVOo3UoFR1E4t4Gj1W7zEQMUhI+lo81H+DtB+kP+tDgBp+M4oNCwp6kffg==}
    engines: {node: '>=18'}
    cpu: [arm64]
    os: [android]

  '@esbuild/android-arm@0.25.10':
    resolution: {integrity: sha512-dQAxF1dW1C3zpeCDc5KqIYuZ1tgAdRXNoZP7vkBIRtKZPYe2xVr/d3SkirklCHudW1B45tGiUlz2pUWDfbDD4w==}
    engines: {node: '>=18'}
    cpu: [arm]
    os: [android]

  '@esbuild/android-x64@0.25.10':
    resolution: {integrity: sha512-MiC9CWdPrfhibcXwr39p9ha1x0lZJ9KaVfvzA0Wxwz9ETX4v5CHfF09bx935nHlhi+MxhA63dKRRQLiVgSUtEg==}
    engines: {node: '>=18'}
    cpu: [x64]
    os: [android]

  '@esbuild/darwin-arm64@0.25.10':
    resolution: {integrity: sha512-JC74bdXcQEpW9KkV326WpZZjLguSZ3DfS8wrrvPMHgQOIEIG/sPXEN/V8IssoJhbefLRcRqw6RQH2NnpdprtMA==}
    engines: {node: '>=18'}
    cpu: [arm64]
    os: [darwin]

  '@esbuild/darwin-x64@0.25.10':
    resolution: {integrity: sha512-tguWg1olF6DGqzws97pKZ8G2L7Ig1vjDmGTwcTuYHbuU6TTjJe5FXbgs5C1BBzHbJ2bo1m3WkQDbWO2PvamRcg==}
    engines: {node: '>=18'}
    cpu: [x64]
    os: [darwin]

  '@esbuild/freebsd-arm64@0.25.10':
    resolution: {integrity: sha512-3ZioSQSg1HT2N05YxeJWYR+Libe3bREVSdWhEEgExWaDtyFbbXWb49QgPvFH8u03vUPX10JhJPcz7s9t9+boWg==}
    engines: {node: '>=18'}
    cpu: [arm64]
    os: [freebsd]

  '@esbuild/freebsd-x64@0.25.10':
    resolution: {integrity: sha512-LLgJfHJk014Aa4anGDbh8bmI5Lk+QidDmGzuC2D+vP7mv/GeSN+H39zOf7pN5N8p059FcOfs2bVlrRr4SK9WxA==}
    engines: {node: '>=18'}
    cpu: [x64]
    os: [freebsd]

  '@esbuild/linux-arm64@0.25.10':
    resolution: {integrity: sha512-5luJWN6YKBsawd5f9i4+c+geYiVEw20FVW5x0v1kEMWNq8UctFjDiMATBxLvmmHA4bf7F6hTRaJgtghFr9iziQ==}
    engines: {node: '>=18'}
    cpu: [arm64]
    os: [linux]

  '@esbuild/linux-arm@0.25.10':
    resolution: {integrity: sha512-oR31GtBTFYCqEBALI9r6WxoU/ZofZl962pouZRTEYECvNF/dtXKku8YXcJkhgK/beU+zedXfIzHijSRapJY3vg==}
    engines: {node: '>=18'}
    cpu: [arm]
    os: [linux]

  '@esbuild/linux-ia32@0.25.10':
    resolution: {integrity: sha512-NrSCx2Kim3EnnWgS4Txn0QGt0Xipoumb6z6sUtl5bOEZIVKhzfyp/Lyw4C1DIYvzeW/5mWYPBFJU3a/8Yr75DQ==}
    engines: {node: '>=18'}
    cpu: [ia32]
    os: [linux]

  '@esbuild/linux-loong64@0.25.10':
    resolution: {integrity: sha512-xoSphrd4AZda8+rUDDfD9J6FUMjrkTz8itpTITM4/xgerAZZcFW7Dv+sun7333IfKxGG8gAq+3NbfEMJfiY+Eg==}
    engines: {node: '>=18'}
    cpu: [loong64]
    os: [linux]

  '@esbuild/linux-mips64el@0.25.10':
    resolution: {integrity: sha512-ab6eiuCwoMmYDyTnyptoKkVS3k8fy/1Uvq7Dj5czXI6DF2GqD2ToInBI0SHOp5/X1BdZ26RKc5+qjQNGRBelRA==}
    engines: {node: '>=18'}
    cpu: [mips64el]
    os: [linux]

  '@esbuild/linux-ppc64@0.25.10':
    resolution: {integrity: sha512-NLinzzOgZQsGpsTkEbdJTCanwA5/wozN9dSgEl12haXJBzMTpssebuXR42bthOF3z7zXFWH1AmvWunUCkBE4EA==}
    engines: {node: '>=18'}
    cpu: [ppc64]
    os: [linux]

  '@esbuild/linux-riscv64@0.25.10':
    resolution: {integrity: sha512-FE557XdZDrtX8NMIeA8LBJX3dC2M8VGXwfrQWU7LB5SLOajfJIxmSdyL/gU1m64Zs9CBKvm4UAuBp5aJ8OgnrA==}
    engines: {node: '>=18'}
    cpu: [riscv64]
    os: [linux]

  '@esbuild/linux-s390x@0.25.10':
    resolution: {integrity: sha512-3BBSbgzuB9ajLoVZk0mGu+EHlBwkusRmeNYdqmznmMc9zGASFjSsxgkNsqmXugpPk00gJ0JNKh/97nxmjctdew==}
    engines: {node: '>=18'}
    cpu: [s390x]
    os: [linux]

  '@esbuild/linux-x64@0.25.10':
    resolution: {integrity: sha512-QSX81KhFoZGwenVyPoberggdW1nrQZSvfVDAIUXr3WqLRZGZqWk/P4T8p2SP+de2Sr5HPcvjhcJzEiulKgnxtA==}
    engines: {node: '>=18'}
    cpu: [x64]
    os: [linux]

  '@esbuild/netbsd-arm64@0.25.10':
    resolution: {integrity: sha512-AKQM3gfYfSW8XRk8DdMCzaLUFB15dTrZfnX8WXQoOUpUBQ+NaAFCP1kPS/ykbbGYz7rxn0WS48/81l9hFl3u4A==}
    engines: {node: '>=18'}
    cpu: [arm64]
    os: [netbsd]

  '@esbuild/netbsd-x64@0.25.10':
    resolution: {integrity: sha512-7RTytDPGU6fek/hWuN9qQpeGPBZFfB4zZgcz2VK2Z5VpdUxEI8JKYsg3JfO0n/Z1E/6l05n0unDCNc4HnhQGig==}
    engines: {node: '>=18'}
    cpu: [x64]
    os: [netbsd]

  '@esbuild/openbsd-arm64@0.25.10':
    resolution: {integrity: sha512-5Se0VM9Wtq797YFn+dLimf2Zx6McttsH2olUBsDml+lm0GOCRVebRWUvDtkY4BWYv/3NgzS8b/UM3jQNh5hYyw==}
    engines: {node: '>=18'}
    cpu: [arm64]
    os: [openbsd]

  '@esbuild/openbsd-x64@0.25.10':
    resolution: {integrity: sha512-XkA4frq1TLj4bEMB+2HnI0+4RnjbuGZfet2gs/LNs5Hc7D89ZQBHQ0gL2ND6Lzu1+QVkjp3x1gIcPKzRNP8bXw==}
    engines: {node: '>=18'}
    cpu: [x64]
    os: [openbsd]

  '@esbuild/openharmony-arm64@0.25.10':
    resolution: {integrity: sha512-AVTSBhTX8Y/Fz6OmIVBip9tJzZEUcY8WLh7I59+upa5/GPhh2/aM6bvOMQySspnCCHvFi79kMtdJS1w0DXAeag==}
    engines: {node: '>=18'}
    cpu: [arm64]
    os: [openharmony]

  '@esbuild/sunos-x64@0.25.10':
    resolution: {integrity: sha512-fswk3XT0Uf2pGJmOpDB7yknqhVkJQkAQOcW/ccVOtfx05LkbWOaRAtn5SaqXypeKQra1QaEa841PgrSL9ubSPQ==}
    engines: {node: '>=18'}
    cpu: [x64]
    os: [sunos]

  '@esbuild/win32-arm64@0.25.10':
    resolution: {integrity: sha512-ah+9b59KDTSfpaCg6VdJoOQvKjI33nTaQr4UluQwW7aEwZQsbMCfTmfEO4VyewOxx4RaDT/xCy9ra2GPWmO7Kw==}
    engines: {node: '>=18'}
    cpu: [arm64]
    os: [win32]

  '@esbuild/win32-ia32@0.25.10':
    resolution: {integrity: sha512-QHPDbKkrGO8/cz9LKVnJU22HOi4pxZnZhhA2HYHez5Pz4JeffhDjf85E57Oyco163GnzNCVkZK0b/n4Y0UHcSw==}
    engines: {node: '>=18'}
    cpu: [ia32]
    os: [win32]

  '@esbuild/win32-x64@0.25.10':
    resolution: {integrity: sha512-9KpxSVFCu0iK1owoez6aC/s/EdUQLDN3adTxGCqxMVhrPDj6bt5dbrHDXUuq+Bs2vATFBBrQS5vdQ/Ed2P+nbw==}
    engines: {node: '>=18'}
    cpu: [x64]
    os: [win32]

  '@noble/ciphers@1.3.0':
    resolution: {integrity: sha512-2I0gnIVPtfnMw9ee9h1dJG7tp81+8Ob3OJb3Mv37rx5L40/b0i7djjCVvGOVqc9AEIQyvyu1i6ypKdFw8R8gQw==}
    engines: {node: ^14.21.3 || >=16}

  '@noble/curves@1.2.0':
    resolution: {integrity: sha512-oYclrNgRaM9SsBUBVbb8M6DTV7ZHRTKugureoYEncY5c65HOmRzvSiTE3y5CYaPYJA/GVkrhXEoF0M3Ya9PMnw==}

  '@noble/curves@1.9.1':
    resolution: {integrity: sha512-k11yZxZg+t+gWvBbIswW0yoJlu8cHOC7dhunwOzoWH/mXGBiYyR4YY6hAEK/3EUs4UpB8la1RfdRpeGsFHkWsA==}
    engines: {node: ^14.21.3 || >=16}

  '@noble/curves@1.9.7':
    resolution: {integrity: sha512-gbKGcRUYIjA3/zCCNaWDciTMFI0dCkvou3TL8Zmy5Nc7sJ47a0jtOeZoTaMxkuqRo9cRhjOdZJXegxYE5FN/xw==}
    engines: {node: ^14.21.3 || >=16}

  '@noble/hashes@1.3.2':
    resolution: {integrity: sha512-MVC8EAQp7MvEcm30KWENFjgR+Mkmf+D189XJTkFIlwohU5hcBbn1ZkKq7KVTi2Hme3PMGF390DaL52beVrIihQ==}
    engines: {node: '>= 16'}

  '@noble/hashes@1.8.0':
    resolution: {integrity: sha512-jCs9ldd7NwzpgXDIf6P3+NrHh9/sD6CQdxHyjQI+h/6rDNo88ypBxxz45UDuZHz9r3tNz7N/VInSVoVdtXEI4A==}
    engines: {node: ^14.21.3 || >=16}

  '@polkadot/keyring@13.5.6':
    resolution: {integrity: sha512-Ybe6Mflrh96FKR5tfEaf/93RxJD7x9UigseNOJW6Yd8LF+GesdxrqmZD7zh+53Hb7smGQWf/0FCfwhoWZVgPUQ==}
    engines: {node: '>=18'}
    peerDependencies:
      '@polkadot/util': 13.5.6
      '@polkadot/util-crypto': 13.5.6

  '@polkadot/networks@13.5.6':
    resolution: {integrity: sha512-9HqUIBOHnz9x/ssPb0aOD/7XcU8vGokEYpLoNgexFNIJzqDgrDHXR197iFpkbMqA/+98zagrvYUyPYj1yYs9Jw==}
    engines: {node: '>=18'}

  '@polkadot/types-augment@16.4.8':
    resolution: {integrity: sha512-oAJ2okk+z210yS8D3Bj51Bgg5c3L2bAnL7PLnXpfcavGJh8cnvWoEi438lhqPuLKNrTnMw9qrnxH+YRLqRGhqA==}
    engines: {node: '>=18'}

  '@polkadot/types-codec@16.4.8':
    resolution: {integrity: sha512-JMaXwnaZUwpgHqdpU7zRh2HtDDzMDwYK0qHK5p1UhDK3eArq3rYLUsCvLatC8tNaZUB4wHHBIbG0qSslWHDf+A==}
    engines: {node: '>=18'}

  '@polkadot/types-create@16.4.8':
    resolution: {integrity: sha512-YpI+yv8tsyV1Psn5KjPbAOmZ+KwrmYRxQD1GIbo72LbsEV0mCfELsKJiJLT16xgIe4JaWDKOu4ofgHV42cBmUg==}
    engines: {node: '>=18'}

  '@polkadot/types@16.4.8':
    resolution: {integrity: sha512-w593kgSlcREBhV349sAzfZI/RTqjVmruZ8vhwxte+nwJnzAINWwM0epFrVVFSQVE+FYjiZrVlH9LWenm5TDx3g==}
    engines: {node: '>=18'}

  '@polkadot/util-crypto@13.5.6':
    resolution: {integrity: sha512-1l+t5lVc9UWxvbJe7/3V+QK8CwrDPuQjDK6FKtDZgZCU0JRrjySOxV0J4PeDIv8TgXZtbIcQFVUhIsJTyKZZJQ==}
    engines: {node: '>=18'}
    peerDependencies:
      '@polkadot/util': 13.5.6

  '@polkadot/util@13.5.6':
    resolution: {integrity: sha512-V+CkW2VdhcMWvl7eXdmlCLGqLxrKvXZtXE76KBbPP5n0Z+8DqQ58IHNOE9xe2LOgqDwIzdLlOUwkyF9Zj19y+Q==}
    engines: {node: '>=18'}

  '@polkadot/wasm-bridge@7.5.1':
    resolution: {integrity: sha512-E+N3CSnX3YaXpAmfIQ+4bTyiAqJQKvVcMaXjkuL8Tp2zYffClWLG5e+RY15Uh+EWfUl9If4y6cLZi3D5NcpAGQ==}
    engines: {node: '>=18'}
    peerDependencies:
      '@polkadot/util': '*'
      '@polkadot/x-randomvalues': '*'

  '@polkadot/wasm-crypto-asmjs@7.5.1':
    resolution: {integrity: sha512-jAg7Uusk+xeHQ+QHEH4c/N3b1kEGBqZb51cWe+yM61kKpQwVGZhNdlWetW6U23t/BMyZArIWMsZqmK/Ij0PHog==}
    engines: {node: '>=18'}
    peerDependencies:
      '@polkadot/util': '*'

  '@polkadot/wasm-crypto-init@7.5.1':
    resolution: {integrity: sha512-Obu4ZEo5jYO6sN31eqCNOXo88rPVkP9TrUOyynuFCnXnXr8V/HlmY/YkAd9F87chZnkTJRlzak17kIWr+i7w3A==}
    engines: {node: '>=18'}
    peerDependencies:
      '@polkadot/util': '*'
      '@polkadot/x-randomvalues': '*'

  '@polkadot/wasm-crypto-wasm@7.5.1':
    resolution: {integrity: sha512-S2yQSGbOGTcaV6UdipFVyEGanJvG6uD6Tg7XubxpiGbNAblsyYKeFcxyH1qCosk/4qf+GIUwlOL4ydhosZflqg==}
    engines: {node: '>=18'}
    peerDependencies:
      '@polkadot/util': '*'

  '@polkadot/wasm-crypto@7.5.1':
    resolution: {integrity: sha512-acjt4VJ3w19v7b/SIPsV/5k9s6JsragHKPnwoZ0KTfBvAFXwzz80jUzVGxA06SKHacfCUe7vBRlz7M5oRby1Pw==}
    engines: {node: '>=18'}
    peerDependencies:
      '@polkadot/util': '*'
      '@polkadot/x-randomvalues': '*'

  '@polkadot/wasm-util@7.5.1':
    resolution: {integrity: sha512-sbvu71isFhPXpvMVX+EkRnUg/+54Tx7Sf9BEMqxxoPj7cG1I/MKeDEwbQz6MaU4gm7xJqvEWCAemLFcXfHQ/2A==}
    engines: {node: '>=18'}
    peerDependencies:
      '@polkadot/util': '*'

  '@polkadot/x-bigint@13.5.6':
    resolution: {integrity: sha512-HpqZJ9ud94iK/+0Ofacw7QdtvzFp6SucBBml4XwWZTWoLaLOGDsO7FoWE7yCuwPbX8nLgIM6YmQBeUoZmBtVqQ==}
    engines: {node: '>=18'}

  '@polkadot/x-global@13.5.6':
    resolution: {integrity: sha512-iw97n0Bnl2284WgAK732LYR4DW6w5+COfBfHzkhiHqs5xwPEwWMgWGrf2hM8WAQqNIz6Ni8w/jagucPyQBur3Q==}
    engines: {node: '>=18'}

  '@polkadot/x-randomvalues@13.5.6':
    resolution: {integrity: sha512-w1F9G7FxrJ7+hGC8bh9/VpPH4KN8xmyzgiQdR7+rVB2V8KsKQBQidG69pj5Kwsh3oODOz0yQYsTG6Rm6TAJbGA==}
    engines: {node: '>=18'}
    peerDependencies:
      '@polkadot/util': 13.5.6
      '@polkadot/wasm-util': '*'

  '@polkadot/x-textdecoder@13.5.6':
    resolution: {integrity: sha512-jTGeYCxFh89KRrP7bNj1CPqKO36Onsi0iA6A+5YtRS5wjdQU+/OFM/EHLTP2nvkvZo/tOkOewMR9sausisUvVQ==}
    engines: {node: '>=18'}

  '@polkadot/x-textencoder@13.5.6':
    resolution: {integrity: sha512-iVwz9+OrYCEF9QbNfr9M206mmWvY/AhDmGPfAIeTR4fRgKGVYqcP8RIF8iu/x0MVQWqiVO3vlhlUk7MfrmAnoQ==}
    engines: {node: '>=18'}

  '@scure/base@1.2.6':
    resolution: {integrity: sha512-g/nm5FgUa//MCj1gV09zTJTaM6KBAHqLN907YVQqf7zC49+DcO4B1so4ZX07Ef10Twr6nuqYEH9GEggFXA4Fmg==}

  '@scure/bip32@1.7.0':
    resolution: {integrity: sha512-E4FFX/N3f4B80AKWp5dP6ow+flD1LQZo/w8UnLGYZO674jS6YnYeepycOOksv+vLPSpgN35wgKgy+ybfTb2SMw==}

  '@scure/bip39@1.6.0':
    resolution: {integrity: sha512-+lF0BbLiJNwVlev4eKelw1WWLaiKXw7sSl8T6FvBlWkdX+94aGJ4o8XjUdlyhTCjd8c+B3KT3JfS8P0bLRNU6A==}

  '@storagehub-sdk/core@0.1.0':
    resolution: {integrity: sha512-ANEWzH4f4eOFa7dDASL0BIiItY+Fu9AcXiEEAIt70vEvJ5o0bGjU8WDQbHYnV0+Ub3kNeHAr9UvXM8LQbTXlWQ==}
    engines: {node: '>=22'}

  '@storagehub-sdk/msp-client@0.1.0':
    resolution: {integrity: sha512-G9VKsptAim6kaUn94LcBslg+N0hoot7qJh8WpRhu2EG67n5+9SOKYJN/lqqWpzvYdYRpl3JIPK9QMlwmJESc0g==}
    engines: {node: '>=22'}
    peerDependencies:
      '@storagehub-sdk/core': '>=0.0.5'

  '@substrate/ss58-registry@1.51.0':
    resolution: {integrity: sha512-TWDurLiPxndFgKjVavCniytBIw+t4ViOi7TYp9h/D0NMmkEc9klFTo+827eyEJ0lELpqO207Ey7uGxUa+BS1jQ==}

  '@types/bn.js@5.2.0':
    resolution: {integrity: sha512-DLbJ1BPqxvQhIGbeu8VbUC1DiAiahHtAYvA0ZEAa4P31F7IaArc8z3C3BRQdWX4mtLQuABG4yzp76ZrS02Ui1Q==}

  '@types/node@22.7.5':
    resolution: {integrity: sha512-jML7s2NAzMWc//QSJ1a3prpk78cOPchGvXJsC3C6R6PSMoooztvRVQEz89gmBTBY1SPMaqo5teB4uNHPdetShQ==}

  '@types/node@24.6.2':
    resolution: {integrity: sha512-d2L25Y4j+W3ZlNAeMKcy7yDsK425ibcAOO2t7aPTz6gNMH0z2GThtwENCDc0d/Pw9wgyRqE5Px1wkV7naz8ang==}

  abitype@1.1.0:
    resolution: {integrity: sha512-6Vh4HcRxNMLA0puzPjM5GBgT4aAcFGKZzSgAXvuZ27shJP6NEpielTuqbBmZILR5/xd0PizkBGy5hReKz9jl5A==}
    peerDependencies:
      typescript: '>=5.0.4'
      zod: ^3.22.0 || ^4.0.0
    peerDependenciesMeta:
      typescript:
        optional: true
      zod:
        optional: true

  abitype@1.1.1:
    resolution: {integrity: sha512-Loe5/6tAgsBukY95eGaPSDmQHIjRZYQq8PB1MpsNccDIK8WiV+Uw6WzaIXipvaxTEL2yEB0OpEaQv3gs8pkS9Q==}
    peerDependencies:
      typescript: '>=5.0.4'
      zod: ^3.22.0 || ^4.0.0
    peerDependenciesMeta:
      typescript:
        optional: true
      zod:
        optional: true

  aes-js@4.0.0-beta.5:
    resolution: {integrity: sha512-G965FqalsNyrPqgEGON7nIx1e/OVENSgiEIzyC63haUMuvNnwIgIjMs52hlTCKhkBny7A2ORNlfY9Zu+jmGk1Q==}

  bn.js@5.2.2:
    resolution: {integrity: sha512-v2YAxEmKaBLahNwE1mjp4WON6huMNeuDvagFZW+ASCuA/ku0bXR9hSMw0XpiqMoA3+rmnyck/tPRSFQkoC9Cuw==}

  esbuild@0.25.10:
    resolution: {integrity: sha512-9RiGKvCwaqxO2owP61uQ4BgNborAQskMR6QusfWzQqv7AZOg5oGehdY2pRJMTKuwxd1IDBP4rSbI5lHzU7SMsQ==}
    engines: {node: '>=18'}
    hasBin: true

  ethers@6.15.0:
    resolution: {integrity: sha512-Kf/3ZW54L4UT0pZtsY/rf+EkBU7Qi5nnhonjUb8yTXcxH3cdcWrV2cRyk0Xk/4jK6OoHhxxZHriyhje20If2hQ==}
    engines: {node: '>=14.0.0'}

  eventemitter3@5.0.1:
    resolution: {integrity: sha512-GWkBvjiSZK87ELrYOSESUYeVIc9mvLLf/nXalMOS5dYrgZq9o5OVkbZAVM06CVxYsCwH9BDZFPlQTlPA1j4ahA==}

  fsevents@2.3.3:
    resolution: {integrity: sha512-5xoDfX+fL7faATnagmWPpbFtwh/R77WmMMqqHGS65C3vvB0YHrgF+B1YmZ3441tMj5n63k0212XNoJwzlhffQw==}
    engines: {node: ^8.16.0 || ^10.6.0 || >=11.0.0}
    os: [darwin]

  get-tsconfig@4.10.1:
    resolution: {integrity: sha512-auHyJ4AgMz7vgS8Hp3N6HXSmlMdUyhSUrfBF16w153rxtLIEOE+HGqaBppczZvnHLqQJfiHotCYpNhl0lUROFQ==}

  isows@1.0.7:
    resolution: {integrity: sha512-I1fSfDCZL5P0v33sVqeTDSpcstAg/N+wF5HS033mogOVIp4B+oHC7oOCsA3axAbBSGTJ8QubbNmnIRN/h8U7hg==}
    peerDependencies:
      ws: '*'

  ox@0.9.6:
    resolution: {integrity: sha512-8SuCbHPvv2eZLYXrNmC0EC12rdzXQLdhnOMlHDW2wiCPLxBrOOJwX5L5E61by+UjTPOryqQiRSnjIKCI+GykKg==}
    peerDependencies:
      typescript: '>=5.4.0'
    peerDependenciesMeta:
      typescript:
        optional: true

  resolve-pkg-maps@1.0.0:
    resolution: {integrity: sha512-seS2Tj26TBVOC2NIc2rOe2y2ZO7efxITtLZcGSOnHHNOQ7CkiUBfw0Iw2ck6xkIhPwLhKNLS8BO+hEpngQlqzw==}

  rxjs@7.8.2:
    resolution: {integrity: sha512-dhKf903U/PQZY6boNNtAGdWbG85WAbjT/1xYoZIC7FAY0yWapOBQVsVrDl58W86//e1VpMNBtRV4MaXfdMySFA==}

  tslib@2.7.0:
    resolution: {integrity: sha512-gLXCKdN1/j47AiHiOkJN69hJmcbGTHI0ImLmbYLHykhgeN0jVGola9yVjFgzCUklsZQMW55o+dW7IXv3RCXDzA==}

  tslib@2.8.1:
    resolution: {integrity: sha512-oJFu94HQb+KVduSUQL7wnpmqnfmLsOA/nAh6b6EH0wCEoK0/mPeXU6c3wKDV83MkOuHPRHtSXKKU99IBazS/2w==}

  tsx@4.20.6:
    resolution: {integrity: sha512-ytQKuwgmrrkDTFP4LjR0ToE2nqgy886GpvRSpU0JAnrdBYppuY5rLkRUYPU1yCryb24SsKBTL/hlDQAEFVwtZg==}
    engines: {node: '>=18.0.0'}
    hasBin: true

  typescript@5.9.3:
    resolution: {integrity: sha512-jl1vZzPDinLr9eUt3J/t7V6FgNEw9QjvBPdysz9KfQDD41fQrC2Y4vKQdiaUpFT4bXlb1RHhLpp8wtm6M5TgSw==}
    engines: {node: '>=14.17'}
    hasBin: true

  undici-types@6.19.8:
    resolution: {integrity: sha512-ve2KP6f/JnbPBFyobGHuerC9g1FYGn/F8n1LWTwNxCEzd6IfqTwUQcNXgEtmmQ6DlRrC1hrSrBnCZPokRrDHjw==}

  undici-types@7.13.0:
    resolution: {integrity: sha512-Ov2Rr9Sx+fRgagJ5AX0qvItZG/JKKoBRAVITs1zk7IqZGTJUwgUr7qoYBpWwakpWilTZFM98rG/AFRocu10iIQ==}

  viem@2.37.12:
    resolution: {integrity: sha512-87lIfGNrAxrfxuM3TCxRET8cj5LvrLZABwJuilHGvijIrPZHZVFv3alquaRx0vvrfSP4QeIcnV/QaO/w2iXbsQ==}
    peerDependencies:
      typescript: '>=5.0.4'
    peerDependenciesMeta:
      typescript:
        optional: true

  ws@8.17.1:
    resolution: {integrity: sha512-6XQFvXTkbfUOZOKKILFG1PDK2NDQs4azKQl26T0YS5CxqWLgXajbPZ+h4gZekJyRqFU8pvnbAbbs/3TgRPy+GQ==}
    engines: {node: '>=10.0.0'}
    peerDependencies:
      bufferutil: ^4.0.1
      utf-8-validate: '>=5.0.2'
    peerDependenciesMeta:
      bufferutil:
        optional: true
      utf-8-validate:
        optional: true

  ws@8.18.3:
    resolution: {integrity: sha512-PEIGCY5tSlUt50cqyMXfCzX+oOPqN0vuGqWzbcJ2xvnkzkq46oOpz7dQaTDBdfICb4N14+GARUDw2XV2N4tvzg==}
    engines: {node: '>=10.0.0'}
    peerDependencies:
      bufferutil: ^4.0.1
      utf-8-validate: '>=5.0.2'
    peerDependenciesMeta:
      bufferutil:
        optional: true
      utf-8-validate:
        optional: true

snapshots:

  '@adraffy/ens-normalize@1.10.1': {}

  '@adraffy/ens-normalize@1.11.1': {}

  '@esbuild/aix-ppc64@0.25.10':
    optional: true

  '@esbuild/android-arm64@0.25.10':
    optional: true

  '@esbuild/android-arm@0.25.10':
    optional: true

  '@esbuild/android-x64@0.25.10':
    optional: true

  '@esbuild/darwin-arm64@0.25.10':
    optional: true

  '@esbuild/darwin-x64@0.25.10':
    optional: true

  '@esbuild/freebsd-arm64@0.25.10':
    optional: true

  '@esbuild/freebsd-x64@0.25.10':
    optional: true

  '@esbuild/linux-arm64@0.25.10':
    optional: true

  '@esbuild/linux-arm@0.25.10':
    optional: true

  '@esbuild/linux-ia32@0.25.10':
    optional: true

  '@esbuild/linux-loong64@0.25.10':
    optional: true

  '@esbuild/linux-mips64el@0.25.10':
    optional: true

  '@esbuild/linux-ppc64@0.25.10':
    optional: true

  '@esbuild/linux-riscv64@0.25.10':
    optional: true

  '@esbuild/linux-s390x@0.25.10':
    optional: true

  '@esbuild/linux-x64@0.25.10':
    optional: true

  '@esbuild/netbsd-arm64@0.25.10':
    optional: true

  '@esbuild/netbsd-x64@0.25.10':
    optional: true

  '@esbuild/openbsd-arm64@0.25.10':
    optional: true

  '@esbuild/openbsd-x64@0.25.10':
    optional: true

  '@esbuild/openharmony-arm64@0.25.10':
    optional: true

  '@esbuild/sunos-x64@0.25.10':
    optional: true

  '@esbuild/win32-arm64@0.25.10':
    optional: true

  '@esbuild/win32-ia32@0.25.10':
    optional: true

  '@esbuild/win32-x64@0.25.10':
    optional: true

  '@noble/ciphers@1.3.0': {}

  '@noble/curves@1.2.0':
    dependencies:
      '@noble/hashes': 1.3.2

  '@noble/curves@1.9.1':
    dependencies:
      '@noble/hashes': 1.8.0

  '@noble/curves@1.9.7':
    dependencies:
      '@noble/hashes': 1.8.0

  '@noble/hashes@1.3.2': {}

  '@noble/hashes@1.8.0': {}

  '@polkadot/keyring@13.5.6(@polkadot/util-crypto@13.5.6(@polkadot/util@13.5.6))(@polkadot/util@13.5.6)':
    dependencies:
      '@polkadot/util': 13.5.6
      '@polkadot/util-crypto': 13.5.6(@polkadot/util@13.5.6)
      tslib: 2.8.1

  '@polkadot/networks@13.5.6':
    dependencies:
      '@polkadot/util': 13.5.6
      '@substrate/ss58-registry': 1.51.0
      tslib: 2.8.1

  '@polkadot/types-augment@16.4.8':
    dependencies:
      '@polkadot/types': 16.4.8
      '@polkadot/types-codec': 16.4.8
      '@polkadot/util': 13.5.6
      tslib: 2.8.1

  '@polkadot/types-codec@16.4.8':
    dependencies:
      '@polkadot/util': 13.5.6
      '@polkadot/x-bigint': 13.5.6
      tslib: 2.8.1

  '@polkadot/types-create@16.4.8':
    dependencies:
      '@polkadot/types-codec': 16.4.8
      '@polkadot/util': 13.5.6
      tslib: 2.8.1

  '@polkadot/types@16.4.8':
    dependencies:
      '@polkadot/keyring': 13.5.6(@polkadot/util-crypto@13.5.6(@polkadot/util@13.5.6))(@polkadot/util@13.5.6)
      '@polkadot/types-augment': 16.4.8
      '@polkadot/types-codec': 16.4.8
      '@polkadot/types-create': 16.4.8
      '@polkadot/util': 13.5.6
      '@polkadot/util-crypto': 13.5.6(@polkadot/util@13.5.6)
      rxjs: 7.8.2
      tslib: 2.8.1

  '@polkadot/util-crypto@13.5.6(@polkadot/util@13.5.6)':
    dependencies:
      '@noble/curves': 1.9.7
      '@noble/hashes': 1.8.0
      '@polkadot/networks': 13.5.6
      '@polkadot/util': 13.5.6
      '@polkadot/wasm-crypto': 7.5.1(@polkadot/util@13.5.6)(@polkadot/x-randomvalues@13.5.6(@polkadot/util@13.5.6)(@polkadot/wasm-util@7.5.1(@polkadot/util@13.5.6)))
      '@polkadot/wasm-util': 7.5.1(@polkadot/util@13.5.6)
      '@polkadot/x-bigint': 13.5.6
      '@polkadot/x-randomvalues': 13.5.6(@polkadot/util@13.5.6)(@polkadot/wasm-util@7.5.1(@polkadot/util@13.5.6))
      '@scure/base': 1.2.6
      tslib: 2.8.1

  '@polkadot/util@13.5.6':
    dependencies:
      '@polkadot/x-bigint': 13.5.6
      '@polkadot/x-global': 13.5.6
      '@polkadot/x-textdecoder': 13.5.6
      '@polkadot/x-textencoder': 13.5.6
      '@types/bn.js': 5.2.0
      bn.js: 5.2.2
      tslib: 2.8.1

  '@polkadot/wasm-bridge@7.5.1(@polkadot/util@13.5.6)(@polkadot/x-randomvalues@13.5.6(@polkadot/util@13.5.6)(@polkadot/wasm-util@7.5.1(@polkadot/util@13.5.6)))':
    dependencies:
      '@polkadot/util': 13.5.6
      '@polkadot/wasm-util': 7.5.1(@polkadot/util@13.5.6)
      '@polkadot/x-randomvalues': 13.5.6(@polkadot/util@13.5.6)(@polkadot/wasm-util@7.5.1(@polkadot/util@13.5.6))
      tslib: 2.8.1

  '@polkadot/wasm-crypto-asmjs@7.5.1(@polkadot/util@13.5.6)':
    dependencies:
      '@polkadot/util': 13.5.6
      tslib: 2.8.1

  '@polkadot/wasm-crypto-init@7.5.1(@polkadot/util@13.5.6)(@polkadot/x-randomvalues@13.5.6(@polkadot/util@13.5.6)(@polkadot/wasm-util@7.5.1(@polkadot/util@13.5.6)))':
    dependencies:
      '@polkadot/util': 13.5.6
      '@polkadot/wasm-bridge': 7.5.1(@polkadot/util@13.5.6)(@polkadot/x-randomvalues@13.5.6(@polkadot/util@13.5.6)(@polkadot/wasm-util@7.5.1(@polkadot/util@13.5.6)))
      '@polkadot/wasm-crypto-asmjs': 7.5.1(@polkadot/util@13.5.6)
      '@polkadot/wasm-crypto-wasm': 7.5.1(@polkadot/util@13.5.6)
      '@polkadot/wasm-util': 7.5.1(@polkadot/util@13.5.6)
      '@polkadot/x-randomvalues': 13.5.6(@polkadot/util@13.5.6)(@polkadot/wasm-util@7.5.1(@polkadot/util@13.5.6))
      tslib: 2.8.1

  '@polkadot/wasm-crypto-wasm@7.5.1(@polkadot/util@13.5.6)':
    dependencies:
      '@polkadot/util': 13.5.6
      '@polkadot/wasm-util': 7.5.1(@polkadot/util@13.5.6)
      tslib: 2.8.1

  '@polkadot/wasm-crypto@7.5.1(@polkadot/util@13.5.6)(@polkadot/x-randomvalues@13.5.6(@polkadot/util@13.5.6)(@polkadot/wasm-util@7.5.1(@polkadot/util@13.5.6)))':
    dependencies:
      '@polkadot/util': 13.5.6
      '@polkadot/wasm-bridge': 7.5.1(@polkadot/util@13.5.6)(@polkadot/x-randomvalues@13.5.6(@polkadot/util@13.5.6)(@polkadot/wasm-util@7.5.1(@polkadot/util@13.5.6)))
      '@polkadot/wasm-crypto-asmjs': 7.5.1(@polkadot/util@13.5.6)
      '@polkadot/wasm-crypto-init': 7.5.1(@polkadot/util@13.5.6)(@polkadot/x-randomvalues@13.5.6(@polkadot/util@13.5.6)(@polkadot/wasm-util@7.5.1(@polkadot/util@13.5.6)))
      '@polkadot/wasm-crypto-wasm': 7.5.1(@polkadot/util@13.5.6)
      '@polkadot/wasm-util': 7.5.1(@polkadot/util@13.5.6)
      '@polkadot/x-randomvalues': 13.5.6(@polkadot/util@13.5.6)(@polkadot/wasm-util@7.5.1(@polkadot/util@13.5.6))
      tslib: 2.8.1

  '@polkadot/wasm-util@7.5.1(@polkadot/util@13.5.6)':
    dependencies:
      '@polkadot/util': 13.5.6
      tslib: 2.8.1

  '@polkadot/x-bigint@13.5.6':
    dependencies:
      '@polkadot/x-global': 13.5.6
      tslib: 2.8.1

  '@polkadot/x-global@13.5.6':
    dependencies:
      tslib: 2.8.1

  '@polkadot/x-randomvalues@13.5.6(@polkadot/util@13.5.6)(@polkadot/wasm-util@7.5.1(@polkadot/util@13.5.6))':
    dependencies:
      '@polkadot/util': 13.5.6
      '@polkadot/wasm-util': 7.5.1(@polkadot/util@13.5.6)
      '@polkadot/x-global': 13.5.6
      tslib: 2.8.1

  '@polkadot/x-textdecoder@13.5.6':
    dependencies:
      '@polkadot/x-global': 13.5.6
      tslib: 2.8.1

  '@polkadot/x-textencoder@13.5.6':
    dependencies:
      '@polkadot/x-global': 13.5.6
      tslib: 2.8.1

  '@scure/base@1.2.6': {}

  '@scure/bip32@1.7.0':
    dependencies:
      '@noble/curves': 1.9.1
      '@noble/hashes': 1.8.0
      '@scure/base': 1.2.6

  '@scure/bip39@1.6.0':
    dependencies:
      '@noble/hashes': 1.8.0
      '@scure/base': 1.2.6

  '@storagehub-sdk/core@0.1.0(typescript@5.9.3)':
    dependencies:
      '@polkadot/types': 16.4.8
      abitype: 1.1.1(typescript@5.9.3)
      ethers: 6.15.0
      viem: 2.37.12(typescript@5.9.3)
    transitivePeerDependencies:
      - bufferutil
      - typescript
      - utf-8-validate
      - zod

  '@storagehub-sdk/msp-client@0.1.0(@storagehub-sdk/core@0.1.0(typescript@5.9.3))':
    dependencies:
      '@storagehub-sdk/core': 0.1.0(typescript@5.9.3)

  '@substrate/ss58-registry@1.51.0': {}

  '@types/bn.js@5.2.0':
    dependencies:
      '@types/node': 24.6.2

  '@types/node@22.7.5':
    dependencies:
      undici-types: 6.19.8

  '@types/node@24.6.2':
    dependencies:
      undici-types: 7.13.0

  abitype@1.1.0(typescript@5.9.3):
    optionalDependencies:
      typescript: 5.9.3

  abitype@1.1.1(typescript@5.9.3):
    optionalDependencies:
      typescript: 5.9.3

  aes-js@4.0.0-beta.5: {}

  bn.js@5.2.2: {}

  esbuild@0.25.10:
    optionalDependencies:
      '@esbuild/aix-ppc64': 0.25.10
      '@esbuild/android-arm': 0.25.10
      '@esbuild/android-arm64': 0.25.10
      '@esbuild/android-x64': 0.25.10
      '@esbuild/darwin-arm64': 0.25.10
      '@esbuild/darwin-x64': 0.25.10
      '@esbuild/freebsd-arm64': 0.25.10
      '@esbuild/freebsd-x64': 0.25.10
      '@esbuild/linux-arm': 0.25.10
      '@esbuild/linux-arm64': 0.25.10
      '@esbuild/linux-ia32': 0.25.10
      '@esbuild/linux-loong64': 0.25.10
      '@esbuild/linux-mips64el': 0.25.10
      '@esbuild/linux-ppc64': 0.25.10
      '@esbuild/linux-riscv64': 0.25.10
      '@esbuild/linux-s390x': 0.25.10
      '@esbuild/linux-x64': 0.25.10
      '@esbuild/netbsd-arm64': 0.25.10
      '@esbuild/netbsd-x64': 0.25.10
      '@esbuild/openbsd-arm64': 0.25.10
      '@esbuild/openbsd-x64': 0.25.10
      '@esbuild/openharmony-arm64': 0.25.10
      '@esbuild/sunos-x64': 0.25.10
      '@esbuild/win32-arm64': 0.25.10
      '@esbuild/win32-ia32': 0.25.10
      '@esbuild/win32-x64': 0.25.10

  ethers@6.15.0:
    dependencies:
      '@adraffy/ens-normalize': 1.10.1
      '@noble/curves': 1.2.0
      '@noble/hashes': 1.3.2
      '@types/node': 22.7.5
      aes-js: 4.0.0-beta.5
      tslib: 2.7.0
      ws: 8.17.1
    transitivePeerDependencies:
      - bufferutil
      - utf-8-validate

  eventemitter3@5.0.1: {}

  fsevents@2.3.3:
    optional: true

  get-tsconfig@4.10.1:
    dependencies:
      resolve-pkg-maps: 1.0.0

  isows@1.0.7(ws@8.18.3):
    dependencies:
      ws: 8.18.3

  ox@0.9.6(typescript@5.9.3):
    dependencies:
      '@adraffy/ens-normalize': 1.11.1
      '@noble/ciphers': 1.3.0
      '@noble/curves': 1.9.1
      '@noble/hashes': 1.8.0
      '@scure/bip32': 1.7.0
      '@scure/bip39': 1.6.0
      abitype: 1.1.1(typescript@5.9.3)
      eventemitter3: 5.0.1
    optionalDependencies:
      typescript: 5.9.3
    transitivePeerDependencies:
      - zod

  resolve-pkg-maps@1.0.0: {}

  rxjs@7.8.2:
    dependencies:
      tslib: 2.8.1

  tslib@2.7.0: {}

  tslib@2.8.1: {}

  tsx@4.20.6:
    dependencies:
      esbuild: 0.25.10
      get-tsconfig: 4.10.1
    optionalDependencies:
      fsevents: 2.3.3

  typescript@5.9.3: {}

  undici-types@6.19.8: {}

  undici-types@7.13.0: {}

  viem@2.37.12(typescript@5.9.3):
    dependencies:
      '@noble/curves': 1.9.1
      '@noble/hashes': 1.8.0
      '@scure/bip32': 1.7.0
      '@scure/bip39': 1.6.0
      abitype: 1.1.0(typescript@5.9.3)
      isows: 1.0.7(ws@8.18.3)
      ox: 0.9.6(typescript@5.9.3)
      ws: 8.18.3
    optionalDependencies:
      typescript: 5.9.3
    transitivePeerDependencies:
      - bufferutil
      - utf-8-validate
      - zod

  ws@8.17.1: {}

  ws@8.18.3: {}
